
Microsoft Visual Studio Solution File, Format Version 12.00
# Visual Studio Version 17
VisualStudioVersion = 17.8.34408.163
MinimumVisualStudioVersion = 10.0.40219.1
Project("{FAE04EC0-301F-11D3-BF4B-00C04F79EFBC}") = "Sonambulo", "Sonambulo\Sonambulo.csproj", "{DE40576A-0640-46C4-97F3-5E623A91DB1B}"
EndProject
Global
	GlobalSection(SolutionConfigurationPlatforms) = preSolution
		Debug|Any CPU = Debug|Any CPU
		Release|Any CPU = Release|Any CPU
	EndGlobalSection
	GlobalSection(ProjectConfigurationPlatforms) = postSolution
		{DE40576A-0640-46C4-97F3-5E623A91DB1B}.Debug|Any CPU.ActiveCfg = Debug|Any CPU
		{DE40576A-0640-46C4-97F3-5E623A91DB1B}.Debug|Any CPU.Build.0 = Debug|Any CPU
		{DE40576A-0640-46C4-97F3-5E623A91DB1B}.Debug|Any CPU.Deploy.0 = Debug|Any CPU
		{DE40576A-0640-46C4-97F3-5E623A91DB1B}.Release|Any CPU.ActiveCfg = Release|Any CPU
		{DE40576A-0640-46C4-97F3-5E623A91DB1B}.Release|Any CPU.Build.0 = Release|Any CPU
		{DE40576A-0640-46C4-97F3-5E623A91DB1B}.Release|Any CPU.Deploy.0 = Release|Any CPU
	EndGlobalSection
	GlobalSection(SolutionProperties) = preSolution
		HideSolutionNode = FALSE
	EndGlobalSection
	GlobalSection(ExtensibilityGlobals) = postSolution
		SolutionGuid = {422163A0-396A-4659-A301-A68A59F17B7B}
	EndGlobalSection
EndGlobal
